{
  "name": "electric-expressvpn",
  "version": "1.0.0",
  "lockfileVersion": 2,
  "requires": true,
  "packages": {
    "": {
      "name": "electric-expressvpn",
      "version": "1.0.0",
      "dependencies": {
        "@electron/remote": "^2.0.8",
        "console-browserify": "^1.2.0"
      }
    },
    "node_modules/@electron/remote": {
      "version": "2.0.8",
      "resolved": "https://registry.npmjs.org/@electron/remote/-/remote-2.0.8.tgz",
      "integrity": "sha512-P10v3+iFCIvEPeYzTWWGwwHmqWnjoh8RYnbtZAb3RlQefy4guagzIwcWtfftABIfm6JJTNQf4WPSKWZOpLmHXw==",
      "peerDependencies": {
        "electron": ">= 13.0.0"
      }
    },
    "node_modules/console-browserify": {
      "version": "1.2.0",
      "resolved": "https://registry.npmjs.org/console-browserify/-/console-browserify-1.2.0.tgz",
      "integrity": "sha512-ZMkYO/LkF17QvCPqM0gxw8yUzigAOZOSWSHg91FH6orS7vcEj5dVZTidN2fQ14yBSdg97RqhSNwLUXInd52OTA=="
    }
  },
  "dependencies": {
    "@electron/remote": {
      "version": "2.0.8",
      "resolved": "https://registry.npmjs.org/@electron/remote/-/remote-2.0.8.tgz",
      "integrity": "sha512-P10v3+iFCIvEPeYzTWWGwwHmqWnjoh8RYnbtZAb3RlQefy4guagzIwcWtfftABIfm6JJTNQf4WPSKWZOpLmHXw=="
    },
    "console-browserify": {
      "version": "1.2.0",
      "resolved": "https://registry.npmjs.org/console-browserify/-/console-browserify-1.2.0.tgz",
      "integrity": "sha512-ZMkYO/LkF17QvCPqM0gxw8yUzigAOZOSWSHg91FH6orS7vcEj5dVZTidN2fQ14yBSdg97RqhSNwLUXInd52OTA=="
    }
  }
}
